// !$*UTF8*$!
{
	archiveVersion = 1;
	classes = {
	};
	objectVersion = 46;
	objects = {

/* Begin PBXBuildFile section */
		C478A1561F317AF000967C24 /* AppDelegate.swift in Sources */ = {isa = PBXBuildFile; fileRef = C478A1551F317AF000967C24 /* AppDelegate.swift */; };
		C478A1581F317AF000967C24 /* ViewController.swift in Sources */ = {isa = PBXBuildFile; fileRef = C478A1571F317AF000967C24 /* ViewController.swift */; };
		C478A15B1F317AF000967C24 /* Main.storyboard in Resources */ = {isa = PBXBuildFile; fileRef = C478A1591F317AF000967C24 /* Main.storyboard */; };
		C478A15D1F317AF000967C24 /* Assets.xcassets in Resources */ = {isa = PBXBuildFile; fileRef = C478A15C1F317AF000967C24 /* Assets.xcassets */; };
		C478A1601F317AF000967C24 /* LaunchScreen.storyboard in Resources */ = {isa = PBXBuildFile; fileRef = C478A15E1F317AF000967C24 /* LaunchScreen.storyboard */; };
/* End PBXBuildFile section */

/* Begin PBXFileReference section */
		C478A1521F317AF000967C24 /* DeployTheWorld.app */ = {isa = PBXFileReference; explicitFileType = wrapper.application; includeInIndex = 0; path = DeployTheWorld.app; sourceTree = BUILT_PRODUCTS_DIR; };
		C478A1551F317AF000967C24 /* AppDelegate.swift */ = {isa = PBXFileReference; lastKnownFileType = sourcecode.swift; path = AppDelegate.swift; sourceTree = "<group>"; };
		C478A1571F317AF000967C24 /* ViewController.swift */ = {isa = PBXFileReference; lastKnownFileType = sourcecode.swift; path = ViewController.swift; sourceTree = "<group>"; };
		C478A15A1F317AF000967C24 /* Base */ = {isa = PBXFileReference; lastKnownFileType = file.storyboard; name = Base; path = Base.lproj/Main.storyboard; sourceTree = "<group>"; };
		C478A15C1F317AF000967C24 /* Assets.xcassets */ = {isa = PBXFileReference; lastKnownFileType = folder.assetcatalog; path = Assets.xcassets; sourceTree = "<group>"; };
		C478A15F1F317AF000967C24 /* Base */ = {isa = PBXFileReference; lastKnownFileType = file.storyboard; name = Base; path = Base.lproj/LaunchScreen.storyboard; sourceTree = "<group>"; };
		C478A1611F317AF000967C24 /* Info.plist */ = {isa = PBXFileReference; lastKnownFileType = text.plist.xml; path = Info.plist; sourceTree = "<group>"; };
/* End PBXFileReference section */

/* Begin PBXFrameworksBuildPhase section */
		C478A14F1F317AF000967C24 /* Frameworks */ = {
			isa = PBXFrameworksBuildPhase;
			buildActionMask = 2147483647;
			files = (
			);
			runOnlyForDeploymentPostprocessing = 0;
		};
/* End PBXFrameworksBuildPhase section */

/* Begin PBXGroup section */
		C478A1491F317AF000967C24 = {
			isa = PBXGroup;
			children = (
				C478A1541F317AF000967C24 /* DeployTheWorld */,
				C478A1531F317AF000967C24 /* Products */,
			);
			sourceTree = "<group>";
		};
		C478A1531F317AF000967C24 /* Products */ = {
			isa = PBXGroup;
			children = (
				C478A1521F317AF000967C24 /* DeployTheWorld.app */,
			);
			name = Products;
			sourceTree = "<group>";
		};
		C478A1541F317AF000967C24 /* DeployTheWorld */ = {
			isa = PBXGroup;
			children = (
				C478A1551F317AF000967C24 /* AppDelegate.swift */,
				C478A1571F317AF000967C24 /* ViewController.swift */,
				C478A1591F317AF000967C24 /* Main.storyboard */,
				C478A15C1F317AF000967C24 /* Assets.xcassets */,
				C478A15E1F317AF000967C24 /* LaunchScreen.storyboard */,
				C478A1611F317AF000967C24 /* Info.plist */,
			);
			path = DeployTheWorld;
			sourceTree = "<group>";
		};
/* End PBXGroup section */

/* Begin PBXNativeTarget section */
		C478A1511F317AF000967C24 /* DeployTheWorld */ = {
			isa = PBXNativeTarget;
			buildConfigurationList = C478A1641F317AF000967C24 /* Build configuration list for PBXNativeTarget "DeployTheWorld" */;
			buildPhases = (
				C478A14E1F317AF000967C24 /* Sources */,
				C478A14F1F317AF000967C24 /* Frameworks */,
				C478A1501F317AF000967C24 /* Resources */,
			);
			buildRules = (
			);
			dependencies = (
			);
			name = DeployTheWorld;
			productName = DeployTheWorld;
			productReference = C478A1521F317AF000967C24 /* DeployTheWorld.app */;
			productType = "com.apple.product-type.application";
		};
/* End PBXNativeTarget section */

/* Begin PBXProject section */
		C478A14A1F317AF000967C24 /* Project object */ = {
			isa = PBXProject;
			attributes = {
				LastSwiftUpdateCheck = 0830;
				LastUpgradeCheck = 0830;
				ORGANIZATIONNAME = Isoscelateral;
				TargetAttributes = {
					C478A1511F317AF000967C24 = {
						CreatedOnToolsVersion = 8.3.3;
						ProvisioningStyle = Automatic;
					};
				};
			};
			buildConfigurationList = C478A14D1F317AF000967C24 /* Build configuration list for PBXProject "DeployTheWorld" */;
			compatibilityVersion = "Xcode 3.2";
			developmentRegion = English;
			hasScannedForEncodings = 0;
			knownRegions = (
				en,
				Base,
			);
			mainGroup = C478A1491F317AF000967C24;
			productRefGroup = C478A1531F317AF000967C24 /* Products */;
			projectDirPath = "";
			projectRoot = "";
			targets = (
				C478A1511F317AF000967C24 /* DeployTheWorld */,
			);
		};
/* End PBXProject section */

/* Begin PBXResourcesBuildPhase section */
		C478A1501F317AF000967C24 /* Resources */ = {
			isa = PBXResourcesBuildPhase;
			buildActionMask = 2147483647;
			files = (
				C478A1601F317AF000967C24 /* LaunchScreen.storyboard in Resources */,
				C478A15D1F317AF000967C24 /* Assets.xcassets in Resources */,
				C478A15B1F317AF000967C24 /* Main.storyboard in Resources */,
			);
			runOnlyForDeploymentPostprocessing = 0;
		};
/* End PBXResourcesBuildPhase section */

/* Begin PBXSourcesBuildPhase section */
		C478A14E1F317AF000967C24 /* Sources */ = {
			isa = PBXSourcesBuildPhase;
			buildActionMask = 2147483647;
			files = (
				C478A1581F317AF000967C24 /* ViewController.swift in Sources */,
				C478A1561F317AF000967C24 /* AppDelegate.swift in Sources */,
			);
			runOnlyForDeploymentPostprocessing = 0;
		};
/* End PBXSourcesBuildPhase section */

/* Begin PBXVariantGroup section */
		C478A1591F317AF000967C24 /* Main.storyboard */ = {
			isa = PBXVariantGroup;
			children = (
				C478A15A1F317AF000967C24 /* Base */,
			);
			name = Main.storyboard;
			sourceTree = "<group>";
		};
		C478A15E1F317AF000967C24 /* LaunchScreen.storyboard */ = {
			isa = PBXVariantGroup;
			children = (
				C478A15F1F317AF000967C24 /* Base */,
			);
			name = LaunchScreen.storyboard;
			sourceTree = "<group>";
		};
/* End PBXVariantGroup section */

/* Begin XCBuildConfiguration section */
		C478A1621F317AF000967C24 /* Debug */ = {
			isa = XCBuildConfiguration;
			buildSettings = {
				ALWAYS_SEARCH_USER_PATHS = NO;
				CLANG_ANALYZER_NONNULL = YES;
				CLANG_ANALYZER_NUMBER_OBJECT_CONVERSION = YES_AGGRESSIVE;
				CLANG_CXX_LANGUAGE_STANDARD = "gnu++0x";
				CLANG_CXX_LIBRARY = "libc++";
				CLANG_ENABLE_MODULES = YES;
				CLANG_ENABLE_OBJC_ARC = YES;
				CLANG_WARN_BOOL_CONVERSION = YES;
				CLANG_WARN_CONSTANT_CONVERSION = YES;
				CLANG_WARN_DIRECT_OBJC_ISA_USAGE = YES_ERROR;
				CLANG_WARN_DOCUMENTATION_COMMENTS = YES;
				CLANG_WARN_EMPTY_BODY = YES;
				CLANG_WARN_ENUM_CONVERSION = YES;
				CLANG_WARN_INFINITE_RECURSION = YES;
				CLANG_WARN_INT_CONVERSION = YES;
				CLANG_WARN_OBJC_ROOT_CLASS = YES_ERROR;
				CLANG_WARN_SUSPICIOUS_MOVE = YES;
				CLANG_WARN_UNREACHABLE_CODE = YES;
				CLANG_WARN__DUPLICATE_METHOD_MATCH = YES;
				"CODE_SIGN_IDENTITY[sdk=iphoneos*]" = "iPhone Developer";
				COPY_PHASE_STRIP = NO;
				DEBUG_INFORMATION_FORMAT = dwarf;
				ENABLE_STRICT_OBJC_MSGSEND = YES;
				ENABLE_TESTABILITY = YES;
				GCC_C_LANGUAGE_STANDARD = gnu99;
				GCC_DYNAMIC_NO_PIC = NO;
				GCC_NO_COMMON_BLOCKS = YES;
				GCC_OPTIMIZATION_LEVEL = 0;
				GCC_PREPROCESSOR_DEFINITIONS = (
					"DEBUG=1",
					"$(inherited)",
				);
				GCC_WARN_64_TO_32_BIT_CONVERSION = YES;
				GCC_WARN_ABOUT_RETURN_TYPE = YES_ERROR;
				GCC_WARN_UNDECLARED_SELECTOR = YES;
				GCC_WARN_UNINITIALIZED_AUTOS = YES_AGGRESSIVE;
				GCC_WARN_UNUSED_FUNCTION = YES;
				GCC_WARN_UNUSED_VARIABLE = YES;
				IPHONEOS_DEPLOYMENT_TARGET = 10.3;
				MTL_ENABLE_DEBUG_INFO = YES;
				ONLY_ACTIVE_ARCH = YES;
				SDKROOT = iphoneos;
				SWIFT_ACTIVE_COMPILATION_CONDITIONS = DEBUG;
				SWIFT_OPTIMIZATION_LEVEL = "-Onone";
				TARGETED_DEVICE_FAMILY = "1,2";
			};
			name = Debug;
		};
		C478A1631F317AF000967C24 /* Release */ = {
			isa = XCBuildConfiguration;
			buildSettings = {
				ALWAYS_SEARCH_USER_PATHS = NO;
				CLANG_ANALYZER_NONNULL = YES;
				CLANG_ANALYZER_NUMBER_OBJECT_CONVERSION = YES_AGGRESSIVE;
				CLANG_CXX_LANGUAGE_STANDARD = "gnu++0x";
				CLANG_CXX_LIBRARY = "libc++";
				CLANG_ENABLE_MODULES = YES;
				CLANG_ENABLE_OBJC_ARC = YES;
				CLANG_WARN_BOOL_CONVERSION = YES;
				CLANG_WARN_CONSTANT_CONVERSION = YES;
				CLANG_WARN_DIRECT_OBJC_ISA_USAGE = YES_ERROR;
				CLANG_WARN_DOCUMENTATION_COMMENTS = YES;
				CLANG_WARN_EMPTY_BODY = YES;
				CLANG_WARN_ENUM_CONVERSION = YES;
				CLANG_WARN_INFINITE_RECURSION = YES;
				CLANG_WARN_INT_CONVERSION = YES;
				CLANG_WARN_OBJC_ROOT_CLASS = YES_ERROR;
				CLANG_WARN_SUSPICIOUS_MOVE = YES;
				CLANG_WARN_UNREACHABLE_CODE = YES;
				CLANG_WARN__DUPLICATE_METHOD_MATCH = YES;
				"CODE_SIGN_IDENTITY[sdk=iphoneos*]" = "iPhone Developer";
				COPY_PHASE_STRIP = NO;
				DEBUG_INFORMATION_FORMAT = "dwarf-with-dsym";
				ENABLE_NS_ASSERTIONS = NO;
				ENABLE_STRICT_OBJC_MSGSEND = YES;
				GCC_C_LANGUAGE_STANDARD = gnu99;
				GCC_NO_COMMON_BLOCKS = YES;
				GCC_WARN_64_TO_32_BIT_CONVERSION = YES;
				GCC_WARN_ABOUT_RETURN_TYPE = YES_ERROR;
				GCC_WARN_UNDECLARED_SELECTOR = YES;
				GCC_WARN_UNINITIALIZED_AUTOS = YES_AGGRESSIVE;
				GCC_WARN_UNUSED_FUNCTION = YES;
				GCC_WARN_UNUSED_VARIABLE = YES;
				IPHONEOS_DEPLOYMENT_TARGET = 10.3;
				MTL_ENABLE_DEBUG_INFO = NO;
				SDKROOT = iphoneos;
				SWIFT_OPTIMIZATION_LEVEL = "-Owholemodule";
				TARGETED_DEVICE_FAMILY = "1,2";
				VALIDATE_PRODUCT = YES;
			};
			name = Release;
		};
		C478A1651F317AF000967C24 /* Debug */ = {
			isa = XCBuildConfiguration;
			buildSettings = {
				ASSETCATALOG_COMPILER_APPICON_NAME = AppIcon;
				INFOPLIST_FILE = DeployTheWorld/Info.plist;
				LD_RUNPATH_SEARCH_PATHS = "$(inherited) @executable_path/Frameworks";
				PRODUCT_BUNDLE_IDENTIFIER = com.isoscelateral.DeployTheWorld;
				PRODUCT_NAME = "$(TARGET_NAME)";
				SWIFT_VERSION = 3.0;
			};
			name = Debug;
		};
		C478A1661F317AF000967C24 /* Release */ = {
			isa = XCBuildConfiguration;
			buildSettings = {
				ASSETCATALOG_COMPILER_APPICON_NAME = AppIcon;
				INFOPLIST_FILE = DeployTheWorld/Info.plist;
				LD_RUNPATH_SEARCH_PATHS = "$(inherited) @executable_path/Frameworks";
				PRODUCT_BUNDLE_IDENTIFIER = com.isoscelateral.DeployTheWorld;
				PRODUCT_NAME = "$(TARGET_NAME)";
				SWIFT_VERSION = 3.0;
			};
			name = Release;
		};
/* End XCBuildConfiguration section */

/* Begin XCConfigurationList section */
		C478A14D1F317AF000967C24 /* Build configuration list for PBXProject "DeployTheWorld" */ = {
			isa = XCConfigurationList;
			buildConfigurations = (
				C478A1621F317AF000967C24 /* Debug */,
				C478A1631F317AF000967C24 /* Release */,
			);
			defaultConfigurationIsVisible = 0;
			defaultConfigurationName = Release;
		};
		C478A1641F317AF000967C24 /* Build configuration list for PBXNativeTarget "DeployTheWorld" */ = {
			isa = XCConfigurationList;
			buildConfigurations = (
				C478A1651F317AF000967C24 /* Debug */,
				C478A1661F317AF000967C24 /* Release */,
			);
			defaultConfigurationIsVisible = 0;
		};
/* End XCConfigurationList section */
	};
	rootObject = C478A14A1F317AF000967C24 /* Project object */;
}
